# Generated by move; do not edit
# This file should be checked in.

[move]
version = 4

[pinned.mainnet.MoveStdlib]
source = { local = "/Users/mac/.move/git/https___github_com_MystenLabs_sui_git_2f5992f189cd24445cd010ccf0aa7ff418ff93b1/crates/sui-framework/packages/move-stdlib" }
use_environment = "mainnet"
manifest_digest = "C4FE4C91DE74CBF223B2E380AE40F592177D21870DC2D7EB6227D2D694E05363"
deps = {}

[pinned.mainnet.Rails]
source = { root = true }
use_environment = "mainnet"
manifest_digest = "9B86370565A5468B8787A75D850E6D451B7C08276F443B8185D997CF2CCB33B9"
deps = { Sui = "Sui" }

[pinned.mainnet.Sui]
source = { local = "/Users/mac/.move/git/https___github_com_MystenLabs_sui_git_2f5992f189cd24445cd010ccf0aa7ff418ff93b1/crates/sui-framework/packages/sui-framework" }
use_environment = "mainnet"
manifest_digest = "CD547CB1ACCE0880C835DAED2D8FFCB91D56C833AE5240D3AA5B918398263195"
deps = { MoveStdlib = "MoveStdlib" }
